
Microsoft Visual Studio Solution File, Format Version 12.00
# Visual Studio Version 17
VisualStudioVersion = 17.9.34728.123
MinimumVisualStudioVersion = 10.0.40219.1
Project("{FAE04EC0-301F-11D3-BF4B-00C04F79EFBC}") = "Hotel_Management", "Hotel_Management.csproj", "{6DD6EF57-152B-426E-9A8D-C86E31004ED3}"
EndProject
Project("{FAE04EC0-301F-11D3-BF4B-00C04F79EFBC}") = "Hotel_Management_API", "..\Hotel_Management_API\Hotel_Management_API.csproj", "{83FA76BE-3685-43A4-B5EE-788DA52B4F3F}"
EndProject
Project("{FAE04EC0-301F-11D3-BF4B-00C04F79EFBC}") = "Data", "..\Data\Data.csproj", "{EC379274-F8A1-4BBE-873D-6A6DAACCA1FF}"
EndProject
Global
	GlobalSection(SolutionConfigurationPlatforms) = preSolution
		Debug|Any CPU = Debug|Any CPU
		Release|Any CPU = Release|Any CPU
	EndGlobalSection
	GlobalSection(ProjectConfigurationPlatforms) = postSolution
		{6DD6EF57-152B-426E-9A8D-C86E31004ED3}.Debug|Any CPU.ActiveCfg = Debug|Any CPU
		{6DD6EF57-152B-426E-9A8D-C86E31004ED3}.Debug|Any CPU.Build.0 = Debug|Any CPU
		{6DD6EF57-152B-426E-9A8D-C86E31004ED3}.Release|Any CPU.ActiveCfg = Release|Any CPU
		{6DD6EF57-152B-426E-9A8D-C86E31004ED3}.Release|Any CPU.Build.0 = Release|Any CPU
		{83FA76BE-3685-43A4-B5EE-788DA52B4F3F}.Debug|Any CPU.ActiveCfg = Debug|Any CPU
		{83FA76BE-3685-43A4-B5EE-788DA52B4F3F}.Debug|Any CPU.Build.0 = Debug|Any CPU
		{83FA76BE-3685-43A4-B5EE-788DA52B4F3F}.Release|Any CPU.ActiveCfg = Release|Any CPU
		{83FA76BE-3685-43A4-B5EE-788DA52B4F3F}.Release|Any CPU.Build.0 = Release|Any CPU
		{EC379274-F8A1-4BBE-873D-6A6DAACCA1FF}.Debug|Any CPU.ActiveCfg = Debug|Any CPU
		{EC379274-F8A1-4BBE-873D-6A6DAACCA1FF}.Debug|Any CPU.Build.0 = Debug|Any CPU
		{EC379274-F8A1-4BBE-873D-6A6DAACCA1FF}.Release|Any CPU.ActiveCfg = Release|Any CPU
		{EC379274-F8A1-4BBE-873D-6A6DAACCA1FF}.Release|Any CPU.Build.0 = Release|Any CPU
	EndGlobalSection
	GlobalSection(SolutionProperties) = preSolution
		HideSolutionNode = FALSE
	EndGlobalSection
	GlobalSection(ExtensibilityGlobals) = postSolution
		SolutionGuid = {63047914-9B8F-4FF7-8EBD-824BA1F39CF7}
	EndGlobalSection
EndGlobal
