
Microsoft Visual Studio Solution File, Format Version 12.00
# Visual Studio Version 17
VisualStudioVersion = 17.9.34728.123
MinimumVisualStudioVersion = 10.0.40219.1
Project("{FAE04EC0-301F-11D3-BF4B-00C04F79EFBC}") = "HotelManagement", "HotelManagement.csproj", "{104AAE26-E7AD-4954-B322-C92CE0B0A497}"
EndProject
Global
	GlobalSection(SolutionConfigurationPlatforms) = preSolution
		Debug|Any CPU = Debug|Any CPU
		Release|Any CPU = Release|Any CPU
	EndGlobalSection
	GlobalSection(ProjectConfigurationPlatforms) = postSolution
		{104AAE26-E7AD-4954-B322-C92CE0B0A497}.Debug|Any CPU.ActiveCfg = Debug|Any CPU
		{104AAE26-E7AD-4954-B322-C92CE0B0A497}.Debug|Any CPU.Build.0 = Debug|Any CPU
		{104AAE26-E7AD-4954-B322-C92CE0B0A497}.Release|Any CPU.ActiveCfg = Release|Any CPU
		{104AAE26-E7AD-4954-B322-C92CE0B0A497}.Release|Any CPU.Build.0 = Release|Any CPU
	EndGlobalSection
	GlobalSection(SolutionProperties) = preSolution
		HideSolutionNode = FALSE
	EndGlobalSection
	GlobalSection(ExtensibilityGlobals) = postSolution
		SolutionGuid = {9FA13CA7-178C-4CB2-8942-D945C639D837}
	EndGlobalSection
EndGlobal
