
Microsoft Visual Studio Solution File, Format Version 12.00
# Visual Studio Version 17
VisualStudioVersion = 17.9.34728.123
MinimumVisualStudioVersion = 10.0.40219.1
Project("{FAE04EC0-301F-11D3-BF4B-00C04F79EFBC}") = "HotelManagement", "HotelManagement\HotelManagement.csproj", "{487B3CBF-F365-4C74-8BC3-02C36DF712A9}"
EndProject
Global
	GlobalSection(SolutionConfigurationPlatforms) = preSolution
		Debug|Any CPU = Debug|Any CPU
		Release|Any CPU = Release|Any CPU
	EndGlobalSection
	GlobalSection(ProjectConfigurationPlatforms) = postSolution
		{487B3CBF-F365-4C74-8BC3-02C36DF712A9}.Debug|Any CPU.ActiveCfg = Debug|Any CPU
		{487B3CBF-F365-4C74-8BC3-02C36DF712A9}.Debug|Any CPU.Build.0 = Debug|Any CPU
		{487B3CBF-F365-4C74-8BC3-02C36DF712A9}.Release|Any CPU.ActiveCfg = Release|Any CPU
		{487B3CBF-F365-4C74-8BC3-02C36DF712A9}.Release|Any CPU.Build.0 = Release|Any CPU
	EndGlobalSection
	GlobalSection(SolutionProperties) = preSolution
		HideSolutionNode = FALSE
	EndGlobalSection
	GlobalSection(ExtensibilityGlobals) = postSolution
		SolutionGuid = {7FFFEB68-4AEF-4AFE-9140-A90E18F4D1F2}
	EndGlobalSection
EndGlobal
